
Microsoft Visual Studio Solution File, Format Version 12.00
# Visual Studio Version 17
VisualStudioVersion = 17.14.36603.0
MinimumVisualStudioVersion = 10.0.40219.1
Project("{FAE04EC0-301F-11D3-BF4B-00C04F79EFBC}") = "AppDashboard", "AppDashboard\AppDashboard.csproj", "{0CDD1F2A-6B8D-4D6F-81EC-6340D284B72F}"
EndProject
Project("{2150E333-8FDC-42A3-9474-1A3956D46DE8}") = "Converters", "Converters", "{02EA681E-C7D8-13C7-8484-4AC65E1B71E8}"
	ProjectSection(SolutionItems) = preProject
		IsNotNullConverter.cs = IsNotNullConverter.cs
	EndProjectSection
EndProject
Global
	GlobalSection(SolutionConfigurationPlatforms) = preSolution
		Debug|Any CPU = Debug|Any CPU
		Release|Any CPU = Release|Any CPU
	EndGlobalSection
	GlobalSection(ProjectConfigurationPlatforms) = postSolution
		{0CDD1F2A-6B8D-4D6F-81EC-6340D284B72F}.Debug|Any CPU.ActiveCfg = Debug|Any CPU
		{0CDD1F2A-6B8D-4D6F-81EC-6340D284B72F}.Debug|Any CPU.Build.0 = Debug|Any CPU
		{0CDD1F2A-6B8D-4D6F-81EC-6340D284B72F}.Debug|Any CPU.Deploy.0 = Debug|Any CPU
		{0CDD1F2A-6B8D-4D6F-81EC-6340D284B72F}.Release|Any CPU.ActiveCfg = Release|Any CPU
		{0CDD1F2A-6B8D-4D6F-81EC-6340D284B72F}.Release|Any CPU.Build.0 = Release|Any CPU
	EndGlobalSection
	GlobalSection(SolutionProperties) = preSolution
		HideSolutionNode = FALSE
	EndGlobalSection
	GlobalSection(ExtensibilityGlobals) = postSolution
		SolutionGuid = {780C6CE2-1F71-46B1-A7C4-FCF64BF565D7}
	EndGlobalSection
EndGlobal
